{
  "nodes": {
    "fenix": {
      "inputs": {
        "nixpkgs": "nixpkgs",
        "rust-analyzer-src": "rust-analyzer-src"
      },
      "locked": {
        "lastModified": 1763621140,
        "narHash": "sha256-nx0zy/+yR57FwloXmatf3CaXgzA4zJqIFbplnpaKn/Y=",
        "owner": "nix-community",
        "repo": "fenix",
        "rev": "d4e14d370b4763c67ea02a39f01f5366297d61cb",
        "type": "github"
      },
      "original": {
        "owner": "nix-community",
        "repo": "fenix",
        "type": "github"
      }
    },
    "fenix_2": {
      "inputs": {
        "nixpkgs": "nixpkgs_3",
        "rust-analyzer-src": "rust-analyzer-src_2"
      },
      "locked": {
        "lastModified": 1755585599,
        "narHash": "sha256-tl/0cnsqB/Yt7DbaGMel2RLa7QG5elA8lkaOXli6VdY=",
        "owner": "nix-community",
        "repo": "fenix",
        "rev": "6ed03ef4c8ec36d193c18e06b9ecddde78fb7e42",
        "type": "github"
      },
      "original": {
        "owner": "nix-community",
        "repo": "fenix",
        "type": "github"
      }
    },
    "inclusive": {
      "inputs": {
        "stdlib": "stdlib"
      },
      "locked": {
        "lastModified": 1628098927,
        "narHash": "sha256-Ft4sdf7VPL8MQtu18AAPiN2s5pUsbv+3RxqzJSa/yzg=",
        "owner": "input-output-hk",
        "repo": "nix-inclusive",
        "rev": "13123eb7a8c3359738a4756b8d645729e8655b27",
        "type": "github"
      },
      "original": {
        "owner": "input-output-hk",
        "repo": "nix-inclusive",
        "type": "github"
      }
    },
    "inclusive_2": {
      "inputs": {
        "stdlib": "stdlib_2"
      },
      "locked": {
        "lastModified": 1628098927,
        "narHash": "sha256-Ft4sdf7VPL8MQtu18AAPiN2s5pUsbv+3RxqzJSa/yzg=",
        "owner": "input-output-hk",
        "repo": "nix-inclusive",
        "rev": "13123eb7a8c3359738a4756b8d645729e8655b27",
        "type": "github"
      },
      "original": {
        "owner": "input-output-hk",
        "repo": "nix-inclusive",
        "type": "github"
      }
    },
    "nixpkgs": {
      "locked": {
        "lastModified": 1763421233,
        "narHash": "sha256-Stk9ZYRkGrnnpyJ4eqt9eQtdFWRRIvMxpNRf4sIegnw=",
        "owner": "nixos",
        "repo": "nixpkgs",
        "rev": "89c2b2330e733d6cdb5eae7b899326930c2c0648",
        "type": "github"
      },
      "original": {
        "owner": "nixos",
        "ref": "nixos-unstable",
        "repo": "nixpkgs",
        "type": "github"
      }
    },
    "nixpkgs_2": {
      "locked": {
        "lastModified": 1763464769,
        "narHash": "sha256-AJHrsT7VoeQzErpBRlLJM1SODcaayp0joAoEA35yiwM=",
        "owner": "NixOS",
        "repo": "nixpkgs",
        "rev": "6f374686605df381de8541c072038472a5ea2e2d",
        "type": "github"
      },
      "original": {
        "owner": "NixOS",
        "ref": "nixpkgs-unstable",
        "repo": "nixpkgs",
        "type": "github"
      }
    },
    "nixpkgs_3": {
      "locked": {
        "lastModified": 1755186698,
        "narHash": "sha256-wNO3+Ks2jZJ4nTHMuks+cxAiVBGNuEBXsT29Bz6HASo=",
        "owner": "nixos",
        "repo": "nixpkgs",
        "rev": "fbcf476f790d8a217c3eab4e12033dc4a0f6d23c",
        "type": "github"
      },
      "original": {
        "owner": "nixos",
        "ref": "nixos-unstable",
        "repo": "nixpkgs",
        "type": "github"
      }
    },
    "nixpkgs_4": {
      "locked": {
        "lastModified": 1749619289,
        "narHash": "sha256-qX6gXVjaCXXbcn6A9eSLUf8Fm07MgPGe5ir3++y2O1Q=",
        "owner": "NixOS",
        "repo": "nixpkgs",
        "rev": "f72be405a10668b8b00937b452f2145244103ebc",
        "type": "github"
      },
      "original": {
        "owner": "NixOS",
        "ref": "nixpkgs-unstable",
        "repo": "nixpkgs",
        "type": "github"
      }
    },
    "root": {
      "inputs": {
        "fenix": "fenix",
        "inclusive": "inclusive",
        "nixpkgs": "nixpkgs_2",
        "utils": "utils",
        "zkir": "zkir"
      }
    },
    "rust-analyzer-src": {
      "flake": false,
      "locked": {
        "lastModified": 1763555010,
        "narHash": "sha256-SG8PRrLir8RkXdyBm/NnuUo3WqS7HW6ltJLZnAWjBjA=",
        "owner": "rust-lang",
        "repo": "rust-analyzer",
        "rev": "636c3aa24ec6762347c334c030b5034c351d6e05",
        "type": "github"
      },
      "original": {
        "owner": "rust-lang",
        "ref": "nightly",
        "repo": "rust-analyzer",
        "type": "github"
      }
    },
    "rust-analyzer-src_2": {
      "flake": false,
      "locked": {
        "lastModified": 1755504847,
        "narHash": "sha256-VX0B9hwhJypCGqncVVLC+SmeMVd/GAYbJZ0MiiUn2Pk=",
        "owner": "rust-lang",
        "repo": "rust-analyzer",
        "rev": "a905e3b21b144d77e1b304e49f3264f6f8d4db75",
        "type": "github"
      },
      "original": {
        "owner": "rust-lang",
        "ref": "nightly",
        "repo": "rust-analyzer",
        "type": "github"
      }
    },
    "stdlib": {
      "locked": {
        "lastModified": 1590026685,
        "narHash": "sha256-E5INrVvYX/P/UpcoUFDAsuHem+lsqT+/teBs9O7oc9Q=",
        "owner": "manveru",
        "repo": "nix-lib",
        "rev": "99088cf7febcdb21afd375a335dcafa959bef3ed",
        "type": "github"
      },
      "original": {
        "owner": "manveru",
        "repo": "nix-lib",
        "type": "github"
      }
    },
    "stdlib_2": {
      "locked": {
        "lastModified": 1590026685,
        "narHash": "sha256-E5INrVvYX/P/UpcoUFDAsuHem+lsqT+/teBs9O7oc9Q=",
        "owner": "manveru",
        "repo": "nix-lib",
        "rev": "99088cf7febcdb21afd375a335dcafa959bef3ed",
        "type": "github"
      },
      "original": {
        "owner": "manveru",
        "repo": "nix-lib",
        "type": "github"
      }
    },
    "systems": {
      "locked": {
        "lastModified": 1681028828,
        "narHash": "sha256-Vy1rq5AaRuLzOxct8nz4T6wlgyUR7zLU309k9mBC768=",
        "owner": "nix-systems",
        "repo": "default",
        "rev": "da67096a3b9bf56a91d16901293e51ba5b49a27e",
        "type": "github"
      },
      "original": {
        "owner": "nix-systems",
        "repo": "default",
        "type": "github"
      }
    },
    "systems_2": {
      "locked": {
        "lastModified": 1681028828,
        "narHash": "sha256-Vy1rq5AaRuLzOxct8nz4T6wlgyUR7zLU309k9mBC768=",
        "owner": "nix-systems",
        "repo": "default",
        "rev": "da67096a3b9bf56a91d16901293e51ba5b49a27e",
        "type": "github"
      },
      "original": {
        "owner": "nix-systems",
        "repo": "default",
        "type": "github"
      }
    },
    "utils": {
      "inputs": {
        "systems": "systems"
      },
      "locked": {
        "lastModified": 1731533236,
        "narHash": "sha256-l0KFg5HjrsfsO/JpG+r7fRrqm12kzFHyUHqHCVpMMbI=",
        "owner": "numtide",
        "repo": "flake-utils",
        "rev": "11707dc2f618dd54ca8739b309ec4fc024de578b",
        "type": "github"
      },
      "original": {
        "owner": "numtide",
        "repo": "flake-utils",
        "type": "github"
      }
    },
    "utils_2": {
      "inputs": {
        "systems": "systems_2"
      },
      "locked": {
        "lastModified": 1731533236,
        "narHash": "sha256-l0KFg5HjrsfsO/JpG+r7fRrqm12kzFHyUHqHCVpMMbI=",
        "owner": "numtide",
        "repo": "flake-utils",
        "rev": "11707dc2f618dd54ca8739b309ec4fc024de578b",
        "type": "github"
      },
      "original": {
        "owner": "numtide",
        "repo": "flake-utils",
        "type": "github"
      }
    },
    "zkir": {
      "inputs": {
        "fenix": "fenix_2",
        "inclusive": "inclusive_2",
        "nixpkgs": "nixpkgs_4",
        "utils": "utils_2",
        "zkir": [
          "zkir"
        ]
      },
      "locked": {
        "lastModified": 1766143100,
        "narHash": "sha256-CPzeMlOPjreAhZDpcMafw9kywNlkIC6A/nX8PWf1AYY=",
        "owner": "midnightntwrk",
        "repo": "midnight-ledger",
        "rev": "60ec39ec1d7843b1e9b0e5fe5eb653ccaad66743",
        "type": "github"
      },
      "original": {
        "owner": "midnightntwrk",
        "repo": "midnight-ledger",
        "rev": "60ec39ec1d7843b1e9b0e5fe5eb653ccaad66743",
        "type": "github"
      }
    }
  },
  "root": "root",
  "version": 7
}
